
Microsoft Visual Studio Solution File, Format Version 11.00
# Visual C# Express 2010
Project("{FAE04EC0-301F-11D3-BF4B-00C04F79EFBC}") = "HitBoxing", "HitBoxing\HitBoxing\HitBoxing.csproj", "{9C357CCA-815C-4291-AAE6-2CD7D23F164A}"
EndProject
Project("{96E2B04D-8817-42C6-938A-82C39BA4D311}") = "HitBoxingContent", "HitBoxing\HitBoxingContent\HitBoxingContent.contentproj", "{0D8EB77D-971B-4810-B51B-F9F189A21AE8}"
EndProject
Global
	GlobalSection(SolutionConfigurationPlatforms) = preSolution
		Debug|x86 = Debug|x86
		Release|x86 = Release|x86
	EndGlobalSection
	GlobalSection(ProjectConfigurationPlatforms) = postSolution
		{9C357CCA-815C-4291-AAE6-2CD7D23F164A}.Debug|x86.ActiveCfg = Debug|x86
		{9C357CCA-815C-4291-AAE6-2CD7D23F164A}.Debug|x86.Build.0 = Debug|x86
		{9C357CCA-815C-4291-AAE6-2CD7D23F164A}.Release|x86.ActiveCfg = Release|x86
		{9C357CCA-815C-4291-AAE6-2CD7D23F164A}.Release|x86.Build.0 = Release|x86
		{0D8EB77D-971B-4810-B51B-F9F189A21AE8}.Debug|x86.ActiveCfg = Debug|x86
		{0D8EB77D-971B-4810-B51B-F9F189A21AE8}.Release|x86.ActiveCfg = Release|x86
	EndGlobalSection
	GlobalSection(SolutionProperties) = preSolution
		HideSolutionNode = FALSE
	EndGlobalSection
EndGlobal
